// !$*UTF8*$!
{
	archiveVersion = 1;
	classes = {
	};
	objectVersion = 46;
	objects = {

/* Begin PBXBuildFile section */
		02647E501C826124000CA7F9 /* Alternate.storyboard in Resources */ = {isa = PBXBuildFile; fileRef = 02647E4F1C826124000CA7F9 /* Alternate.storyboard */; };
		02647E541C82640E000CA7F9 /* UIColor.swift in Sources */ = {isa = PBXBuildFile; fileRef = 02647E531C82640E000CA7F9 /* UIColor.swift */; };
		02647E5A1C826772000CA7F9 /* CategoryTableViewCell.swift in Sources */ = {isa = PBXBuildFile; fileRef = 02647E591C826772000CA7F9 /* CategoryTableViewCell.swift */; };
		02647E5C1C826D29000CA7F9 /* String.swift in Sources */ = {isa = PBXBuildFile; fileRef = 02647E5B1C826D29000CA7F9 /* String.swift */; };
		02647E5E1C827573000CA7F9 /* QuartzCore.framework in Frameworks */ = {isa = PBXBuildFile; fileRef = 02647E5D1C827573000CA7F9 /* QuartzCore.framework */; };
		0286FC021C87A015000AE992 /* UIView.swift in Sources */ = {isa = PBXBuildFile; fileRef = 0286FC011C87A015000AE992 /* UIView.swift */; };
		0286FC041C87CCB5000AE992 /* UINavigationBar.swift in Sources */ = {isa = PBXBuildFile; fileRef = 0286FC031C87CCB5000AE992 /* UINavigationBar.swift */; };
		02E61FBA1C88F1C700482503 /* UITableViewController.swift in Sources */ = {isa = PBXBuildFile; fileRef = 02E61FB91C88F1C700482503 /* UITableViewController.swift */; };
		02E61FC51C8A602D00482503 /* MenuController.swift in Sources */ = {isa = PBXBuildFile; fileRef = 02E61FC41C8A602D00482503 /* MenuController.swift */; };
		02E61FC71C8A606200482503 /* WPTag.swift in Sources */ = {isa = PBXBuildFile; fileRef = 02E61FC61C8A606200482503 /* WPTag.swift */; };
		02E61FC91C8A636F00482503 /* WPCache.swift in Sources */ = {isa = PBXBuildFile; fileRef = 02E61FC81C8A636F00482503 /* WPCache.swift */; };
		02E61FCB1C8A63A400482503 /* WPObject.swift in Sources */ = {isa = PBXBuildFile; fileRef = 02E61FCA1C8A63A400482503 /* WPObject.swift */; };
		02E61FCD1C8ACCBA00482503 /* WPPostSubset.swift in Sources */ = {isa = PBXBuildFile; fileRef = 02E61FCC1C8ACCBA00482503 /* WPPostSubset.swift */; };
		A9D6F9AF1C81983E00ADDD89 /* AppDelegate.swift in Sources */ = {isa = PBXBuildFile; fileRef = A9D6F9AE1C81983E00ADDD89 /* AppDelegate.swift */; };
		A9D6F9B61C81983E00ADDD89 /* Assets.xcassets in Resources */ = {isa = PBXBuildFile; fileRef = A9D6F9B51C81983E00ADDD89 /* Assets.xcassets */; };
		A9D6F9B91C81983E00ADDD89 /* LaunchScreen.storyboard in Resources */ = {isa = PBXBuildFile; fileRef = A9D6F9B71C81983E00ADDD89 /* LaunchScreen.storyboard */; };
		A9D6F9C51C8198FF00ADDD89 /* WPPost.swift in Sources */ = {isa = PBXBuildFile; fileRef = A9D6F9C21C8198FF00ADDD89 /* WPPost.swift */; };
		A9D6F9C61C8198FF00ADDD89 /* WPCategory.swift in Sources */ = {isa = PBXBuildFile; fileRef = A9D6F9C31C8198FF00ADDD89 /* WPCategory.swift */; };
		A9D6F9C71C8198FF00ADDD89 /* WP.swift in Sources */ = {isa = PBXBuildFile; fileRef = A9D6F9C41C8198FF00ADDD89 /* WP.swift */; };
		A9D6F9D41C81999200ADDD89 /* ArticleController.swift in Sources */ = {isa = PBXBuildFile; fileRef = A9D6F9CE1C81999200ADDD89 /* ArticleController.swift */; };
		A9D6F9D51C81999200ADDD89 /* ArticleTableViewCell.swift in Sources */ = {isa = PBXBuildFile; fileRef = A9D6F9CF1C81999200ADDD89 /* ArticleTableViewCell.swift */; };
		A9D6F9D71C81999200ADDD89 /* ArticlesController.swift in Sources */ = {isa = PBXBuildFile; fileRef = A9D6F9D11C81999200ADDD89 /* ArticlesController.swift */; };
		A9D6F9E81C81B58400ADDD89 /* Article.css in Resources */ = {isa = PBXBuildFile; fileRef = A9D6F9E71C81B58400ADDD89 /* Article.css */; };
/* End PBXBuildFile section */

/* Begin PBXFileReference section */
		02647E4F1C826124000CA7F9 /* Alternate.storyboard */ = {isa = PBXFileReference; fileEncoding = 4; lastKnownFileType = file.storyboard; path = Alternate.storyboard; sourceTree = "<group>"; };
		02647E531C82640E000CA7F9 /* UIColor.swift */ = {isa = PBXFileReference; fileEncoding = 4; lastKnownFileType = sourcecode.swift; path = UIColor.swift; sourceTree = "<group>"; };
		02647E591C826772000CA7F9 /* CategoryTableViewCell.swift */ = {isa = PBXFileReference; fileEncoding = 4; lastKnownFileType = sourcecode.swift; path = CategoryTableViewCell.swift; sourceTree = "<group>"; };
		02647E5B1C826D29000CA7F9 /* String.swift */ = {isa = PBXFileReference; fileEncoding = 4; lastKnownFileType = sourcecode.swift; path = String.swift; sourceTree = "<group>"; };
		02647E5D1C827573000CA7F9 /* QuartzCore.framework */ = {isa = PBXFileReference; lastKnownFileType = wrapper.framework; name = QuartzCore.framework; path = System/Library/Frameworks/QuartzCore.framework; sourceTree = SDKROOT; };
		0286FC011C87A015000AE992 /* UIView.swift */ = {isa = PBXFileReference; fileEncoding = 4; lastKnownFileType = sourcecode.swift; path = UIView.swift; sourceTree = "<group>"; };
		0286FC031C87CCB5000AE992 /* UINavigationBar.swift */ = {isa = PBXFileReference; fileEncoding = 4; lastKnownFileType = sourcecode.swift; path = UINavigationBar.swift; sourceTree = "<group>"; };
		02E61FB91C88F1C700482503 /* UITableViewController.swift */ = {isa = PBXFileReference; fileEncoding = 4; lastKnownFileType = sourcecode.swift; path = UITableViewController.swift; sourceTree = "<group>"; };
		02E61FC41C8A602D00482503 /* MenuController.swift */ = {isa = PBXFileReference; fileEncoding = 4; lastKnownFileType = sourcecode.swift; path = MenuController.swift; sourceTree = "<group>"; };
		02E61FC61C8A606200482503 /* WPTag.swift */ = {isa = PBXFileReference; fileEncoding = 4; lastKnownFileType = sourcecode.swift; path = WPTag.swift; sourceTree = "<group>"; };
		02E61FC81C8A636F00482503 /* WPCache.swift */ = {isa = PBXFileReference; fileEncoding = 4; lastKnownFileType = sourcecode.swift; path = WPCache.swift; sourceTree = "<group>"; };
		02E61FCA1C8A63A400482503 /* WPObject.swift */ = {isa = PBXFileReference; fileEncoding = 4; lastKnownFileType = sourcecode.swift; path = WPObject.swift; sourceTree = "<group>"; };
		02E61FCC1C8ACCBA00482503 /* WPPostSubset.swift */ = {isa = PBXFileReference; fileEncoding = 4; lastKnownFileType = sourcecode.swift; path = WPPostSubset.swift; sourceTree = "<group>"; };
		A9D6F9AB1C81983E00ADDD89 /* CNECT.app */ = {isa = PBXFileReference; explicitFileType = wrapper.application; includeInIndex = 0; path = CNECT.app; sourceTree = BUILT_PRODUCTS_DIR; };
		A9D6F9AE1C81983E00ADDD89 /* AppDelegate.swift */ = {isa = PBXFileReference; lastKnownFileType = sourcecode.swift; path = AppDelegate.swift; sourceTree = "<group>"; };
		A9D6F9B51C81983E00ADDD89 /* Assets.xcassets */ = {isa = PBXFileReference; lastKnownFileType = folder.assetcatalog; path = Assets.xcassets; sourceTree = "<group>"; };
		A9D6F9B81C81983E00ADDD89 /* Base */ = {isa = PBXFileReference; lastKnownFileType = file.storyboard; name = Base; path = Base.lproj/LaunchScreen.storyboard; sourceTree = "<group>"; };
		A9D6F9BA1C81983E00ADDD89 /* Info.plist */ = {isa = PBXFileReference; lastKnownFileType = text.plist.xml; path = Info.plist; sourceTree = "<group>"; };
		A9D6F9C21C8198FF00ADDD89 /* WPPost.swift */ = {isa = PBXFileReference; fileEncoding = 4; lastKnownFileType = sourcecode.swift; path = WPPost.swift; sourceTree = "<group>"; };
		A9D6F9C31C8198FF00ADDD89 /* WPCategory.swift */ = {isa = PBXFileReference; fileEncoding = 4; lastKnownFileType = sourcecode.swift; path = WPCategory.swift; sourceTree = "<group>"; };
		A9D6F9C41C8198FF00ADDD89 /* WP.swift */ = {isa = PBXFileReference; fileEncoding = 4; lastKnownFileType = sourcecode.swift; path = WP.swift; sourceTree = "<group>"; };
		A9D6F9CE1C81999200ADDD89 /* ArticleController.swift */ = {isa = PBXFileReference; fileEncoding = 4; lastKnownFileType = sourcecode.swift; path = ArticleController.swift; sourceTree = "<group>"; };
		A9D6F9CF1C81999200ADDD89 /* ArticleTableViewCell.swift */ = {isa = PBXFileReference; fileEncoding = 4; lastKnownFileType = sourcecode.swift; path = ArticleTableViewCell.swift; sourceTree = "<group>"; };
		A9D6F9D11C81999200ADDD89 /* ArticlesController.swift */ = {isa = PBXFileReference; fileEncoding = 4; lastKnownFileType = sourcecode.swift; path = ArticlesController.swift; sourceTree = "<group>"; };
		A9D6F9E71C81B58400ADDD89 /* Article.css */ = {isa = PBXFileReference; fileEncoding = 4; lastKnownFileType = text.css; path = Article.css; sourceTree = "<group>"; };
/* End PBXFileReference section */

/* Begin PBXFrameworksBuildPhase section */
		A9D6F9A81C81983E00ADDD89 /* Frameworks */ = {
			isa = PBXFrameworksBuildPhase;
			buildActionMask = 2147483647;
			files = (
				02647E5E1C827573000CA7F9 /* QuartzCore.framework in Frameworks */,
			);
			runOnlyForDeploymentPostprocessing = 0;
		};
/* End PBXFrameworksBuildPhase section */

/* Begin PBXGroup section */
		02647E521C826401000CA7F9 /* Extensions */ = {
			isa = PBXGroup;
			children = (
				02647E531C82640E000CA7F9 /* UIColor.swift */,
				02647E5B1C826D29000CA7F9 /* String.swift */,
				0286FC011C87A015000AE992 /* UIView.swift */,
				0286FC031C87CCB5000AE992 /* UINavigationBar.swift */,
				02E61FB91C88F1C700482503 /* UITableViewController.swift */,
			);
			name = Extensions;
			sourceTree = "<group>";
		};
		02647E551C826695000CA7F9 /* Controllers */ = {
			isa = PBXGroup;
			children = (
				02E61FC41C8A602D00482503 /* MenuController.swift */,
				A9D6F9D11C81999200ADDD89 /* ArticlesController.swift */,
				A9D6F9CE1C81999200ADDD89 /* ArticleController.swift */,
			);
			name = Controllers;
			sourceTree = "<group>";
		};
		02647E581C82675F000CA7F9 /* Views */ = {
			isa = PBXGroup;
			children = (
				02647E4F1C826124000CA7F9 /* Alternate.storyboard */,
				02647E591C826772000CA7F9 /* CategoryTableViewCell.swift */,
				A9D6F9CF1C81999200ADDD89 /* ArticleTableViewCell.swift */,
			);
			name = Views;
			sourceTree = "<group>";
		};
		A9D6F9A21C81983D00ADDD89 = {
			isa = PBXGroup;
			children = (
				02647E5D1C827573000CA7F9 /* QuartzCore.framework */,
				A9D6F9AD1C81983E00ADDD89 /* CNECT */,
				A9D6F9AC1C81983E00ADDD89 /* Products */,
			);
			sourceTree = "<group>";
		};
		A9D6F9AC1C81983E00ADDD89 /* Products */ = {
			isa = PBXGroup;
			children = (
				A9D6F9AB1C81983E00ADDD89 /* CNECT.app */,
			);
			name = Products;
			sourceTree = "<group>";
		};
		A9D6F9AD1C81983E00ADDD89 /* CNECT */ = {
			isa = PBXGroup;
			children = (
				A9D6F9AE1C81983E00ADDD89 /* AppDelegate.swift */,
				02647E581C82675F000CA7F9 /* Views */,
				02647E551C826695000CA7F9 /* Controllers */,
				02647E521C826401000CA7F9 /* Extensions */,
				A9D6F9E61C81B56D00ADDD89 /* Resources */,
				A9D6F9C81C81990600ADDD89 /* WP API */,
				A9D6F9B51C81983E00ADDD89 /* Assets.xcassets */,
				A9D6F9B71C81983E00ADDD89 /* LaunchScreen.storyboard */,
				A9D6F9BA1C81983E00ADDD89 /* Info.plist */,
			);
			path = CNECT;
			sourceTree = "<group>";
		};
		A9D6F9C81C81990600ADDD89 /* WP API */ = {
			isa = PBXGroup;
			children = (
				A9D6F9C31C8198FF00ADDD89 /* WPCategory.swift */,
				02E61FC61C8A606200482503 /* WPTag.swift */,
				A9D6F9C21C8198FF00ADDD89 /* WPPost.swift */,
				A9D6F9C41C8198FF00ADDD89 /* WP.swift */,
				02E61FC81C8A636F00482503 /* WPCache.swift */,
				02E61FCA1C8A63A400482503 /* WPObject.swift */,
				02E61FCC1C8ACCBA00482503 /* WPPostSubset.swift */,
			);
			name = "WP API";
			sourceTree = "<group>";
		};
		A9D6F9E61C81B56D00ADDD89 /* Resources */ = {
			isa = PBXGroup;
			children = (
				A9D6F9E71C81B58400ADDD89 /* Article.css */,
			);
			name = Resources;
			sourceTree = "<group>";
		};
/* End PBXGroup section */

/* Begin PBXNativeTarget section */
		A9D6F9AA1C81983E00ADDD89 /* CNECT */ = {
			isa = PBXNativeTarget;
			buildConfigurationList = A9D6F9BD1C81983E00ADDD89 /* Build configuration list for PBXNativeTarget "CNECT" */;
			buildPhases = (
				A9D6F9A71C81983E00ADDD89 /* Sources */,
				A9D6F9A81C81983E00ADDD89 /* Frameworks */,
				A9D6F9A91C81983E00ADDD89 /* Resources */,
			);
			buildRules = (
			);
			dependencies = (
			);
			name = CNECT;
			productName = CNECT;
			productReference = A9D6F9AB1C81983E00ADDD89 /* CNECT.app */;
			productType = "com.apple.product-type.application";
		};
/* End PBXNativeTarget section */

/* Begin PBXProject section */
		A9D6F9A31C81983D00ADDD89 /* Project object */ = {
			isa = PBXProject;
			attributes = {
				LastSwiftUpdateCheck = 0720;
				LastUpgradeCheck = 0720;
				ORGANIZATIONNAME = "Marco Monteiro";
				TargetAttributes = {
					A9D6F9AA1C81983E00ADDD89 = {
						CreatedOnToolsVersion = 7.2.1;
					};
				};
			};
			buildConfigurationList = A9D6F9A61C81983D00ADDD89 /* Build configuration list for PBXProject "CNECT" */;
			compatibilityVersion = "Xcode 3.2";
			developmentRegion = English;
			hasScannedForEncodings = 0;
			knownRegions = (
				en,
				Base,
			);
			mainGroup = A9D6F9A21C81983D00ADDD89;
			productRefGroup = A9D6F9AC1C81983E00ADDD89 /* Products */;
			projectDirPath = "";
			projectRoot = "";
			targets = (
				A9D6F9AA1C81983E00ADDD89 /* CNECT */,
			);
		};
/* End PBXProject section */

/* Begin PBXResourcesBuildPhase section */
		A9D6F9A91C81983E00ADDD89 /* Resources */ = {
			isa = PBXResourcesBuildPhase;
			buildActionMask = 2147483647;
			files = (
				A9D6F9B91C81983E00ADDD89 /* LaunchScreen.storyboard in Resources */,
				A9D6F9B61C81983E00ADDD89 /* Assets.xcassets in Resources */,
				A9D6F9E81C81B58400ADDD89 /* Article.css in Resources */,
				02647E501C826124000CA7F9 /* Alternate.storyboard in Resources */,
			);
			runOnlyForDeploymentPostprocessing = 0;
		};
/* End PBXResourcesBuildPhase section */

/* Begin PBXSourcesBuildPhase section */
		A9D6F9A71C81983E00ADDD89 /* Sources */ = {
			isa = PBXSourcesBuildPhase;
			buildActionMask = 2147483647;
			files = (
				02E61FBA1C88F1C700482503 /* UITableViewController.swift in Sources */,
				A9D6F9D71C81999200ADDD89 /* ArticlesController.swift in Sources */,
				A9D6F9C61C8198FF00ADDD89 /* WPCategory.swift in Sources */,
				A9D6F9C51C8198FF00ADDD89 /* WPPost.swift in Sources */,
				02E61FCD1C8ACCBA00482503 /* WPPostSubset.swift in Sources */,
				02647E541C82640E000CA7F9 /* UIColor.swift in Sources */,
				A9D6F9C71C8198FF00ADDD89 /* WP.swift in Sources */,
				A9D6F9D51C81999200ADDD89 /* ArticleTableViewCell.swift in Sources */,
				02E61FC71C8A606200482503 /* WPTag.swift in Sources */,
				A9D6F9AF1C81983E00ADDD89 /* AppDelegate.swift in Sources */,
				02647E5C1C826D29000CA7F9 /* String.swift in Sources */,
				02E61FCB1C8A63A400482503 /* WPObject.swift in Sources */,
				0286FC021C87A015000AE992 /* UIView.swift in Sources */,
				02E61FC91C8A636F00482503 /* WPCache.swift in Sources */,
				02E61FC51C8A602D00482503 /* MenuController.swift in Sources */,
				A9D6F9D41C81999200ADDD89 /* ArticleController.swift in Sources */,
				02647E5A1C826772000CA7F9 /* CategoryTableViewCell.swift in Sources */,
				0286FC041C87CCB5000AE992 /* UINavigationBar.swift in Sources */,
			);
			runOnlyForDeploymentPostprocessing = 0;
		};
/* End PBXSourcesBuildPhase section */

/* Begin PBXVariantGroup section */
		A9D6F9B71C81983E00ADDD89 /* LaunchScreen.storyboard */ = {
			isa = PBXVariantGroup;
			children = (
				A9D6F9B81C81983E00ADDD89 /* Base */,
			);
			name = LaunchScreen.storyboard;
			sourceTree = "<group>";
		};
/* End PBXVariantGroup section */

/* Begin XCBuildConfiguration section */
		A9D6F9BB1C81983E00ADDD89 /* Debug */ = {
			isa = XCBuildConfiguration;
			buildSettings = {
				ALWAYS_SEARCH_USER_PATHS = NO;
				CLANG_CXX_LANGUAGE_STANDARD = "gnu++0x";
				CLANG_CXX_LIBRARY = "libc++";
				CLANG_ENABLE_MODULES = YES;
				CLANG_ENABLE_OBJC_ARC = YES;
				CLANG_WARN_BOOL_CONVERSION = YES;
				CLANG_WARN_CONSTANT_CONVERSION = YES;
				CLANG_WARN_DIRECT_OBJC_ISA_USAGE = YES_ERROR;
				CLANG_WARN_EMPTY_BODY = YES;
				CLANG_WARN_ENUM_CONVERSION = YES;
				CLANG_WARN_INT_CONVERSION = YES;
				CLANG_WARN_OBJC_ROOT_CLASS = YES_ERROR;
				CLANG_WARN_UNREACHABLE_CODE = YES;
				CLANG_WARN__DUPLICATE_METHOD_MATCH = YES;
				"CODE_SIGN_IDENTITY[sdk=iphoneos*]" = "iPhone Developer";
				COPY_PHASE_STRIP = NO;
				DEBUG_INFORMATION_FORMAT = dwarf;
				ENABLE_STRICT_OBJC_MSGSEND = YES;
				ENABLE_TESTABILITY = YES;
				GCC_C_LANGUAGE_STANDARD = gnu99;
				GCC_DYNAMIC_NO_PIC = NO;
				GCC_NO_COMMON_BLOCKS = YES;
				GCC_OPTIMIZATION_LEVEL = 0;
				GCC_PREPROCESSOR_DEFINITIONS = (
					"DEBUG=1",
					"$(inherited)",
				);
				GCC_WARN_64_TO_32_BIT_CONVERSION = YES;
				GCC_WARN_ABOUT_RETURN_TYPE = YES_ERROR;
				GCC_WARN_UNDECLARED_SELECTOR = YES;
				GCC_WARN_UNINITIALIZED_AUTOS = YES_AGGRESSIVE;
				GCC_WARN_UNUSED_FUNCTION = YES;
				GCC_WARN_UNUSED_VARIABLE = YES;
				IPHONEOS_DEPLOYMENT_TARGET = 9.2;
				MTL_ENABLE_DEBUG_INFO = YES;
				ONLY_ACTIVE_ARCH = YES;
				SDKROOT = iphoneos;
				SWIFT_OPTIMIZATION_LEVEL = "-Onone";
			};
			name = Debug;
		};
		A9D6F9BC1C81983E00ADDD89 /* Release */ = {
			isa = XCBuildConfiguration;
			buildSettings = {
				ALWAYS_SEARCH_USER_PATHS = NO;
				CLANG_CXX_LANGUAGE_STANDARD = "gnu++0x";
				CLANG_CXX_LIBRARY = "libc++";
				CLANG_ENABLE_MODULES = YES;
				CLANG_ENABLE_OBJC_ARC = YES;
				CLANG_WARN_BOOL_CONVERSION = YES;
				CLANG_WARN_CONSTANT_CONVERSION = YES;
				CLANG_WARN_DIRECT_OBJC_ISA_USAGE = YES_ERROR;
				CLANG_WARN_EMPTY_BODY = YES;
				CLANG_WARN_ENUM_CONVERSION = YES;
				CLANG_WARN_INT_CONVERSION = YES;
				CLANG_WARN_OBJC_ROOT_CLASS = YES_ERROR;
				CLANG_WARN_UNREACHABLE_CODE = YES;
				CLANG_WARN__DUPLICATE_METHOD_MATCH = YES;
				"CODE_SIGN_IDENTITY[sdk=iphoneos*]" = "iPhone Developer";
				COPY_PHASE_STRIP = NO;
				DEBUG_INFORMATION_FORMAT = "dwarf-with-dsym";
				ENABLE_NS_ASSERTIONS = NO;
				ENABLE_STRICT_OBJC_MSGSEND = YES;
				GCC_C_LANGUAGE_STANDARD = gnu99;
				GCC_NO_COMMON_BLOCKS = YES;
				GCC_WARN_64_TO_32_BIT_CONVERSION = YES;
				GCC_WARN_ABOUT_RETURN_TYPE = YES_ERROR;
				GCC_WARN_UNDECLARED_SELECTOR = YES;
				GCC_WARN_UNINITIALIZED_AUTOS = YES_AGGRESSIVE;
				GCC_WARN_UNUSED_FUNCTION = YES;
				GCC_WARN_UNUSED_VARIABLE = YES;
				IPHONEOS_DEPLOYMENT_TARGET = 9.2;
				MTL_ENABLE_DEBUG_INFO = NO;
				SDKROOT = iphoneos;
				VALIDATE_PRODUCT = YES;
			};
			name = Release;
		};
		A9D6F9BE1C81983E00ADDD89 /* Debug */ = {
			isa = XCBuildConfiguration;
			buildSettings = {
				ASSETCATALOG_COMPILER_APPICON_NAME = AppIcon;
				CODE_SIGN_IDENTITY = "iPhone Developer";
				INFOPLIST_FILE = CNECT/Info.plist;
				IPHONEOS_DEPLOYMENT_TARGET = 9.0;
				LD_RUNPATH_SEARCH_PATHS = "$(inherited) @executable_path/Frameworks";
				PRODUCT_BUNDLE_IDENTIFIER = com.bases.CNECT;
				PRODUCT_NAME = "$(TARGET_NAME)";
				SWIFT_OBJC_BRIDGING_HEADER = "";
			};
			name = Debug;
		};
		A9D6F9BF1C81983E00ADDD89 /* Release */ = {
			isa = XCBuildConfiguration;
			buildSettings = {
				ASSETCATALOG_COMPILER_APPICON_NAME = AppIcon;
				CODE_SIGN_IDENTITY = "iPhone Developer";
				INFOPLIST_FILE = CNECT/Info.plist;
				IPHONEOS_DEPLOYMENT_TARGET = 9.0;
				LD_RUNPATH_SEARCH_PATHS = "$(inherited) @executable_path/Frameworks";
				PRODUCT_BUNDLE_IDENTIFIER = com.bases.CNECT;
				PRODUCT_NAME = "$(TARGET_NAME)";
				SWIFT_OBJC_BRIDGING_HEADER = "";
			};
			name = Release;
		};
/* End XCBuildConfiguration section */

/* Begin XCConfigurationList section */
		A9D6F9A61C81983D00ADDD89 /* Build configuration list for PBXProject "CNECT" */ = {
			isa = XCConfigurationList;
			buildConfigurations = (
				A9D6F9BB1C81983E00ADDD89 /* Debug */,
				A9D6F9BC1C81983E00ADDD89 /* Release */,
			);
			defaultConfigurationIsVisible = 0;
			defaultConfigurationName = Release;
		};
		A9D6F9BD1C81983E00ADDD89 /* Build configuration list for PBXNativeTarget "CNECT" */ = {
			isa = XCConfigurationList;
			buildConfigurations = (
				A9D6F9BE1C81983E00ADDD89 /* Debug */,
				A9D6F9BF1C81983E00ADDD89 /* Release */,
			);
			defaultConfigurationIsVisible = 0;
			defaultConfigurationName = Release;
		};
/* End XCConfigurationList section */
	};
	rootObject = A9D6F9A31C81983D00ADDD89 /* Project object */;
}
